<?xml version="1.0" encoding="utf-8"?>
<Project ToolsVersion="4.0" xmlns="http://schemas.microsoft.com/developer/msbuild/2003">
  <ItemGroup>
    <Filter Include="Classes">
      <UniqueIdentifier>{4FC737F1-C7A5-4376-A066-2A32D752A2FF}</UniqueIdentifier>
      <Extensions>cpp;c;cc;cxx;def;odl;idl;hpj;bat;asm;asmx</Extensions>
    </Filter>
    <Filter Include="win32">
      <UniqueIdentifier>{93995380-89BD-4b04-88EB-625FBE52EBFB}</UniqueIdentifier>
      <Extensions>h;hpp;hxx;hm;inl;inc;xsd</Extensions>
    </Filter>
    <Filter Include="Classes\SDLAudio">
      <UniqueIdentifier>{15b7d036-5b20-432d-a3d8-392b1a7b9357}</UniqueIdentifier>
    </Filter>
    <Filter Include="Classes\SDLAudio\winmm">
      <UniqueIdentifier>{2ebc3734-468d-4e87-ab85-0ef56c9dbe93}</UniqueIdentifier>
    </Filter>
    <Filter Include="Classes\SDLAudio\core">
      <UniqueIdentifier>{f94246f4-2b27-4163-9c47-5db9e6b831c1}</UniqueIdentifier>
    </Filter>
    <Filter Include="Classes\SDLAudio\stdlib">
      <UniqueIdentifier>{85716e59-97a3-4963-8348-25dc50856feb}</UniqueIdentifier>
    </Filter>
    <Filter Include="Classes\SDLAudio\libm">
      <UniqueIdentifier>{f4ebcd81-76fd-4d2c-9deb-e00b009c0bcf}</UniqueIdentifier>
    </Filter>
    <Filter Include="Classes\SDLAudio\thread">
      <UniqueIdentifier>{feb48f24-2e48-490a-aea6-c081a4522988}</UniqueIdentifier>
    </Filter>
  </ItemGroup>
  <ItemGroup>
    <ClCompile Include="..\Classes\AppDelegate.cpp">
      <Filter>Classes</Filter>
    </ClCompile>
    <ClCompile Include="..\Classes\HelloWorldScene.cpp">
      <Filter>Classes</Filter>
    </ClCompile>
    <ClCompile Include="main.cpp">
      <Filter>win32</Filter>
    </ClCompile>
    <ClCompile Include="..\Classes\CCFFmpegNode.cpp">
      <Filter>Classes</Filter>
    </ClCompile>
    <ClCompile Include="..\Classes\ff.cpp">
      <Filter>Classes</Filter>
    </ClCompile>
    <ClCompile Include="..\Classes\SDLAudio.cpp">
      <Filter>Classes</Filter>
    </ClCompile>
    <ClCompile Include="..\Classes\SDLEvent.cpp">
      <Filter>Classes</Filter>
    </ClCompile>
    <ClCompile Include="..\Classes\SDLThread.cpp">
      <Filter>Classes</Filter>
    </ClCompile>
    <ClCompile Include="..\Classes\SDLVideo.cpp">
      <Filter>Classes</Filter>
    </ClCompile>
    <ClCompile Include="..\Classes\SDLWindow.cpp">
      <Filter>Classes</Filter>
    </ClCompile>
    <ClCompile Include="..\Classes\FFVideo.cpp">
      <Filter>Classes</Filter>
    </ClCompile>
    <ClCompile Include="..\Classes\SDLOverlay.cpp">
      <Filter>Classes</Filter>
    </ClCompile>
    <ClCompile Include="..\Classes\SDLSurface.cpp">
      <Filter>Classes</Filter>
    </ClCompile>
    <ClCompile Include="SDLAudio_mm.cpp">
      <Filter>Classes</Filter>
    </ClCompile>
    <ClCompile Include="..\Classes\SDLAudio\SDL_audio.c">
      <Filter>Classes\SDLAudio</Filter>
    </ClCompile>
    <ClCompile Include="..\Classes\SDLAudio\SDL_audiocvt.c">
      <Filter>Classes\SDLAudio</Filter>
    </ClCompile>
    <ClCompile Include="..\Classes\SDLAudio\SDL_audiodev.c">
      <Filter>Classes\SDLAudio</Filter>
    </ClCompile>
    <ClCompile Include="..\Classes\SDLAudio\SDL_audiotypecvt.c">
      <Filter>Classes\SDLAudio</Filter>
    </ClCompile>
    <ClCompile Include="..\Classes\SDLAudio\SDL_mixer.c">
      <Filter>Classes\SDLAudio</Filter>
    </ClCompile>
    <ClCompile Include="..\Classes\SDLAudio\SDL_wave.c">
      <Filter>Classes\SDLAudio</Filter>
    </ClCompile>
    <ClCompile Include="..\Classes\SDLAudio\winmm\SDL_winmm.c">
      <Filter>Classes\SDLAudio\winmm</Filter>
    </ClCompile>
    <ClCompile Include="..\Classes\SDLAudio\core\windows\SDL_windows.c">
      <Filter>Classes\SDLAudio\core</Filter>
    </ClCompile>
    <ClCompile Include="..\Classes\SDLAudio\stdlib\SDL_getenv.c">
      <Filter>Classes\SDLAudio\stdlib</Filter>
    </ClCompile>
    <ClCompile Include="..\Classes\SDLAudio\stdlib\SDL_iconv.c">
      <Filter>Classes\SDLAudio\stdlib</Filter>
    </ClCompile>
    <ClCompile Include="..\Classes\SDLAudio\stdlib\SDL_malloc.c">
      <Filter>Classes\SDLAudio\stdlib</Filter>
    </ClCompile>
    <ClCompile Include="..\Classes\SDLAudio\stdlib\SDL_qsort.c">
      <Filter>Classes\SDLAudio\stdlib</Filter>
    </ClCompile>
    <ClCompile Include="..\Classes\SDLAudio\stdlib\SDL_stdlib.c">
      <Filter>Classes\SDLAudio\stdlib</Filter>
    </ClCompile>
    <ClCompile Include="..\Classes\SDLAudio\stdlib\SDL_string.c">
      <Filter>Classes\SDLAudio\stdlib</Filter>
    </ClCompile>
    <ClCompile Include="..\Classes\SDLAudio\libm\e_atan2.c">
      <Filter>Classes\SDLAudio\libm</Filter>
    </ClCompile>
    <ClCompile Include="..\Classes\SDLAudio\libm\e_log.c">
      <Filter>Classes\SDLAudio\libm</Filter>
    </ClCompile>
    <ClCompile Include="..\Classes\SDLAudio\libm\e_pow.c">
      <Filter>Classes\SDLAudio\libm</Filter>
    </ClCompile>
    <ClCompile Include="..\Classes\SDLAudio\libm\e_rem_pio2.c">
      <Filter>Classes\SDLAudio\libm</Filter>
    </ClCompile>
    <ClCompile Include="..\Classes\SDLAudio\libm\e_sqrt.c">
      <Filter>Classes\SDLAudio\libm</Filter>
    </ClCompile>
    <ClCompile Include="..\Classes\SDLAudio\libm\k_cos.c">
      <Filter>Classes\SDLAudio\libm</Filter>
    </ClCompile>
    <ClCompile Include="..\Classes\SDLAudio\libm\k_rem_pio2.c">
      <Filter>Classes\SDLAudio\libm</Filter>
    </ClCompile>
    <ClCompile Include="..\Classes\SDLAudio\libm\k_sin.c">
      <Filter>Classes\SDLAudio\libm</Filter>
    </ClCompile>
    <ClCompile Include="..\Classes\SDLAudio\libm\s_atan.c">
      <Filter>Classes\SDLAudio\libm</Filter>
    </ClCompile>
    <ClCompile Include="..\Classes\SDLAudio\libm\s_copysign.c">
      <Filter>Classes\SDLAudio\libm</Filter>
    </ClCompile>
    <ClCompile Include="..\Classes\SDLAudio\libm\s_cos.c">
      <Filter>Classes\SDLAudio\libm</Filter>
    </ClCompile>
    <ClCompile Include="..\Classes\SDLAudio\libm\s_fabs.c">
      <Filter>Classes\SDLAudio\libm</Filter>
    </ClCompile>
    <ClCompile Include="..\Classes\SDLAudio\libm\s_floor.c">
      <Filter>Classes\SDLAudio\libm</Filter>
    </ClCompile>
    <ClCompile Include="..\Classes\SDLAudio\libm\s_scalbn.c">
      <Filter>Classes\SDLAudio\libm</Filter>
    </ClCompile>
    <ClCompile Include="..\Classes\SDLAudio\libm\s_sin.c">
      <Filter>Classes\SDLAudio\libm</Filter>
    </ClCompile>
    <ClCompile Include="..\Classes\SDLAudio\SDL_error.c">
      <Filter>Classes</Filter>
    </ClCompile>
    <ClCompile Include="..\Classes\SDLAudio\thread\SDL_thread.c">
      <Filter>Classes\SDLAudio\thread</Filter>
    </ClCompile>
    <ClCompile Include="..\Classes\SDLAudio\thread\windows\SDL_sysmutex.c">
      <Filter>Classes\SDLAudio\thread</Filter>
    </ClCompile>
    <ClCompile Include="..\Classes\SDLAudio\thread\windows\SDL_syssem.c">
      <Filter>Classes\SDLAudio\thread</Filter>
    </ClCompile>
    <ClCompile Include="..\Classes\SDLAudio\thread\windows\SDL_systhread.c">
      <Filter>Classes\SDLAudio\thread</Filter>
    </ClCompile>
    <ClCompile Include="..\Classes\SDLAudio\thread\windows\SDL_systls.c">
      <Filter>Classes\SDLAudio\thread</Filter>
    </ClCompile>
  </ItemGroup>
  <ItemGroup>
    <ClInclude Include="..\Classes\AppDelegate.h">
      <Filter>Classes</Filter>
    </ClInclude>
    <ClInclude Include="..\Classes\HelloWorldScene.h">
      <Filter>Classes</Filter>
    </ClInclude>
    <ClInclude Include="main.h">
      <Filter>win32</Filter>
    </ClInclude>
    <ClInclude Include="..\Classes\AppMacros.h">
      <Filter>Classes</Filter>
    </ClInclude>
    <ClInclude Include="..\Classes\CCFFmpegNode.h">
      <Filter>Classes</Filter>
    </ClInclude>
    <ClInclude Include="..\Classes\SDLImp.h">
      <Filter>Classes</Filter>
    </ClInclude>
    <ClInclude Include="..\Classes\ff.h">
      <Filter>Classes</Filter>
    </ClInclude>
    <ClInclude Include="..\Classes\ffdepends.h">
      <Filter>Classes</Filter>
    </ClInclude>
    <ClInclude Include="..\Classes\SDLAudio\SDL_audio_c.h">
      <Filter>Classes\SDLAudio</Filter>
    </ClInclude>
    <ClInclude Include="..\Classes\SDLAudio\SDL_audiodev_c.h">
      <Filter>Classes\SDLAudio</Filter>
    </ClInclude>
    <ClInclude Include="..\Classes\SDLAudio\SDL_audiomem.h">
      <Filter>Classes\SDLAudio</Filter>
    </ClInclude>
    <ClInclude Include="..\Classes\SDLAudio\SDL_sysaudio.h">
      <Filter>Classes\SDLAudio</Filter>
    </ClInclude>
    <ClInclude Include="..\Classes\SDLAudio\SDL_wave.h">
      <Filter>Classes\SDLAudio</Filter>
    </ClInclude>
    <ClInclude Include="..\Classes\SDLAudio\winmm\SDL_winmm.h">
      <Filter>Classes\SDLAudio\winmm</Filter>
    </ClInclude>
    <ClInclude Include="..\Classes\SDLAudio\core\windows\SDL_windows.h">
      <Filter>Classes\SDLAudio\core</Filter>
    </ClInclude>
    <ClInclude Include="..\Classes\SDLAudio\libm\math_libm.h">
      <Filter>Classes\SDLAudio\libm</Filter>
    </ClInclude>
    <ClInclude Include="..\Classes\SDLAudio\libm\math_private.h">
      <Filter>Classes\SDLAudio\libm</Filter>
    </ClInclude>
    <ClInclude Include="..\Classes\SDLAudio\thread\SDL_systhread.h">
      <Filter>Classes\SDLAudio\thread</Filter>
    </ClInclude>
    <ClInclude Include="..\Classes\SDLAudio\thread\SDL_thread_c.h">
      <Filter>Classes\SDLAudio\thread</Filter>
    </ClInclude>
    <ClInclude Include="..\Classes\SDLAudio\thread\windows\SDL_systhread_c.h">
      <Filter>Classes\SDLAudio\thread</Filter>
    </ClInclude>
  </ItemGroup>
</Project>